<?xml version="1.0" encoding="utf-8"?>
<Project ToolsVersion="4.0" xmlns="http://schemas.microsoft.com/developer/msbuild/2003">
  <ItemGroup>
    <Filter Include="Source Files">
      <UniqueIdentifier>{4FC737F1-C7A5-4376-A066-2A32D752A2FF}</UniqueIdentifier>
      <Extensions>cpp;c;cc;cxx;def;odl;idl;hpj;bat;asm;asmx</Extensions>
    </Filter>
    <Filter Include="Header Files">
      <UniqueIdentifier>{93995380-89BD-4b04-88EB-625FBE52EBFB}</UniqueIdentifier>
      <Extensions>h;hh;hpp;hxx;hm;inl;inc;xsd</Extensions>
    </Filter>
    <Filter Include="Resource Files">
      <UniqueIdentifier>{67DA6AB6-F800-4c08-8B7A-83BB121AAD01}</UniqueIdentifier>
      <Extensions>rc;ico;cur;bmp;dlg;rc2;rct;bin;rgs;gif;jpg;jpeg;jpe;resx;tiff;tif;png;wav;mfcribbon-ms</Extensions>
    </Filter>
    <Filter Include="ootz">
      <UniqueIdentifier>{b12e03ea-8266-4cd9-8de3-3894d1263ac8}</UniqueIdentifier>
    </Filter>
    <Filter Include="for tetris">
      <UniqueIdentifier>{26920527-9f39-461d-907d-c31d88ec1be6}</UniqueIdentifier>
    </Filter>
  </ItemGroup>
  <ItemGroup>
    <Text Include="ReadMe.txt" />
  </ItemGroup>
  <ItemGroup>
    <ClInclude Include="stdafx.h">
      <Filter>Header Files</Filter>
    </ClInclude>
    <ClInclude Include="targetver.h">
      <Filter>Header Files</Filter>
    </ClInclude>
    <ClInclude Include="Resource.h">
      <Filter>Header Files</Filter>
    </ClInclude>
    <ClInclude Include="tetris.h">
      <Filter>Header Files</Filter>
    </ClInclude>
    <ClInclude Include="ootz.h">
      <Filter>ootz</Filter>
    </ClInclude>
    <ClInclude Include="component.h">
      <Filter>ootz</Filter>
    </ClInclude>
    <ClInclude Include="cool_timer.h">
      <Filter>ootz</Filter>
    </ClInclude>
    <ClInclude Include="game_main.h">
      <Filter>ootz</Filter>
    </ClInclude>
    <ClInclude Include="game_object.h">
      <Filter>ootz</Filter>
    </ClInclude>
    <ClInclude Include="game_object_manager.h">
      <Filter>ootz</Filter>
    </ClInclude>
    <ClInclude Include="input.h">
      <Filter>ootz</Filter>
    </ClInclude>
    <ClInclude Include="layer.h">
      <Filter>ootz</Filter>
    </ClInclude>
    <ClInclude Include="random.h">
      <Filter>ootz</Filter>
    </ClInclude>
    <ClInclude Include="singleton.h">
      <Filter>ootz</Filter>
    </ClInclude>
    <ClInclude Include="tag.h">
      <Filter>ootz</Filter>
    </ClInclude>
    <ClInclude Include="time.h">
      <Filter>ootz</Filter>
    </ClInclude>
    <ClInclude Include="transform.h">
      <Filter>ootz</Filter>
    </ClInclude>
    <ClInclude Include="utility.h">
      <Filter>ootz</Filter>
    </ClInclude>
    <ClInclude Include="vector2.h">
      <Filter>ootz</Filter>
    </ClInclude>
    <ClInclude Include="window_info.h">
      <Filter>ootz</Filter>
    </ClInclude>
    <ClInclude Include="block.h">
      <Filter>for tetris</Filter>
    </ClInclude>
    <ClInclude Include="block_factory.h">
      <Filter>for tetris</Filter>
    </ClInclude>
    <ClInclude Include="scene_manager.h">
      <Filter>ootz</Filter>
    </ClInclude>
    <ClInclude Include="image_manager.h">
      <Filter>ootz</Filter>
    </ClInclude>
    <ClInclude Include="image.h">
      <Filter>ootz</Filter>
    </ClInclude>
  </ItemGroup>
  <ItemGroup>
    <ClCompile Include="stdafx.cpp">
      <Filter>Source Files</Filter>
    </ClCompile>
    <ClCompile Include="tetris.cpp">
      <Filter>Source Files</Filter>
    </ClCompile>
    <ClCompile Include="game_main.cpp">
      <Filter>ootz</Filter>
    </ClCompile>
    <ClCompile Include="game_object_manager.cpp">
      <Filter>ootz</Filter>
    </ClCompile>
    <ClCompile Include="input.cpp">
      <Filter>ootz</Filter>
    </ClCompile>
    <ClCompile Include="time.cpp">
      <Filter>ootz</Filter>
    </ClCompile>
  </ItemGroup>
  <ItemGroup>
    <ResourceCompile Include="tetris.rc">
      <Filter>Resource Files</Filter>
    </ResourceCompile>
  </ItemGroup>
  <ItemGroup>
    <Image Include="small.ico">
      <Filter>Resource Files</Filter>
    </Image>
    <Image Include="tetris.ico">
      <Filter>Resource Files</Filter>
    </Image>
  </ItemGroup>
</Project>